
Microsoft Visual Studio Solution File, Format Version 12.00
# Visual Studio Version 17
VisualStudioVersion = 17.11.35312.102
MinimumVisualStudioVersion = 10.0.40219.1
Project("{FAE04EC0-301F-11D3-BF4B-00C04F79EFBC}") = "YKW1-Smartphone-Mod-Tools", "YKW1-Smartphone-Mod-Tools\YKW1-Smartphone-Mod-Tools.csproj", "{72CB6AE7-5BE2-40F0-B7D4-B765E6FB94AF}"
EndProject
Global
	GlobalSection(SolutionConfigurationPlatforms) = preSolution
		Debug|Any CPU = Debug|Any CPU
		Release|Any CPU = Release|Any CPU
	EndGlobalSection
	GlobalSection(ProjectConfigurationPlatforms) = postSolution
		{72CB6AE7-5BE2-40F0-B7D4-B765E6FB94AF}.Debug|Any CPU.ActiveCfg = Debug|Any CPU
		{72CB6AE7-5BE2-40F0-B7D4-B765E6FB94AF}.Debug|Any CPU.Build.0 = Debug|Any CPU
		{72CB6AE7-5BE2-40F0-B7D4-B765E6FB94AF}.Release|Any CPU.ActiveCfg = Release|Any CPU
		{72CB6AE7-5BE2-40F0-B7D4-B765E6FB94AF}.Release|Any CPU.Build.0 = Release|Any CPU
	EndGlobalSection
	GlobalSection(SolutionProperties) = preSolution
		HideSolutionNode = FALSE
	EndGlobalSection
	GlobalSection(ExtensibilityGlobals) = postSolution
		SolutionGuid = {8F937A83-781B-4E5B-BEC1-DD03947DB8B0}
	EndGlobalSection
EndGlobal
